
Microsoft Visual Studio Solution File, Format Version 12.00
# Visual Studio 2013
VisualStudioVersion = 12.0.40629.0
MinimumVisualStudioVersion = 10.0.40219.1
Project("{FAE04EC0-301F-11D3-BF4B-00C04F79EFBC}") = "BL", "BL\BL.csproj", "{D44509BF-BBB1-4209-8E89-A0C5FD70B6D6}"
EndProject
Project("{FAE04EC0-301F-11D3-BF4B-00C04F79EFBC}") = "DL", "DL\DL.csproj", "{26510FBA-2EF7-442E-9AB3-34AADB05006A}"
EndProject
Project("{FAE04EC0-301F-11D3-BF4B-00C04F79EFBC}") = "ML", "ML\ML.csproj", "{AB49485B-65F1-43F7-839F-8B5970365785}"
EndProject
Project("{FAE04EC0-301F-11D3-BF4B-00C04F79EFBC}") = "PL", "PL\PL.csproj", "{3F5C0760-6CEA-4D10-90D8-AE57B3FDDF5C}"
EndProject
Project("{FAE04EC0-301F-11D3-BF4B-00C04F79EFBC}") = "SL", "SL\SL.csproj", "{E0E70778-23C1-4DCA-817D-28054164A25B}"
EndProject
Global
	GlobalSection(SolutionConfigurationPlatforms) = preSolution
		Debug|Any CPU = Debug|Any CPU
		Release|Any CPU = Release|Any CPU
	EndGlobalSection
	GlobalSection(ProjectConfigurationPlatforms) = postSolution
		{D44509BF-BBB1-4209-8E89-A0C5FD70B6D6}.Debug|Any CPU.ActiveCfg = Debug|Any CPU
		{D44509BF-BBB1-4209-8E89-A0C5FD70B6D6}.Debug|Any CPU.Build.0 = Debug|Any CPU
		{D44509BF-BBB1-4209-8E89-A0C5FD70B6D6}.Release|Any CPU.ActiveCfg = Release|Any CPU
		{D44509BF-BBB1-4209-8E89-A0C5FD70B6D6}.Release|Any CPU.Build.0 = Release|Any CPU
		{26510FBA-2EF7-442E-9AB3-34AADB05006A}.Debug|Any CPU.ActiveCfg = Debug|Any CPU
		{26510FBA-2EF7-442E-9AB3-34AADB05006A}.Debug|Any CPU.Build.0 = Debug|Any CPU
		{26510FBA-2EF7-442E-9AB3-34AADB05006A}.Release|Any CPU.ActiveCfg = Release|Any CPU
		{26510FBA-2EF7-442E-9AB3-34AADB05006A}.Release|Any CPU.Build.0 = Release|Any CPU
		{AB49485B-65F1-43F7-839F-8B5970365785}.Debug|Any CPU.ActiveCfg = Debug|Any CPU
		{AB49485B-65F1-43F7-839F-8B5970365785}.Debug|Any CPU.Build.0 = Debug|Any CPU
		{AB49485B-65F1-43F7-839F-8B5970365785}.Release|Any CPU.ActiveCfg = Release|Any CPU
		{AB49485B-65F1-43F7-839F-8B5970365785}.Release|Any CPU.Build.0 = Release|Any CPU
		{3F5C0760-6CEA-4D10-90D8-AE57B3FDDF5C}.Debug|Any CPU.ActiveCfg = Debug|Any CPU
		{3F5C0760-6CEA-4D10-90D8-AE57B3FDDF5C}.Debug|Any CPU.Build.0 = Debug|Any CPU
		{3F5C0760-6CEA-4D10-90D8-AE57B3FDDF5C}.Release|Any CPU.ActiveCfg = Release|Any CPU
		{3F5C0760-6CEA-4D10-90D8-AE57B3FDDF5C}.Release|Any CPU.Build.0 = Release|Any CPU
		{E0E70778-23C1-4DCA-817D-28054164A25B}.Debug|Any CPU.ActiveCfg = Debug|Any CPU
		{E0E70778-23C1-4DCA-817D-28054164A25B}.Debug|Any CPU.Build.0 = Debug|Any CPU
		{E0E70778-23C1-4DCA-817D-28054164A25B}.Release|Any CPU.ActiveCfg = Release|Any CPU
		{E0E70778-23C1-4DCA-817D-28054164A25B}.Release|Any CPU.Build.0 = Release|Any CPU
	EndGlobalSection
	GlobalSection(SolutionProperties) = preSolution
		HideSolutionNode = FALSE
	EndGlobalSection
EndGlobal
